
Microsoft Visual Studio Solution File, Format Version 12.00
# Visual Studio Version 16
VisualStudioVersion = 16.0.29920.165
MinimumVisualStudioVersion = 10.0.40219.1
Project("{FAE04EC0-301F-11D3-BF4B-00C04F79EFBC}") = "Loja", "Loja\Loja.csproj", "{AA255A4F-2053-410E-BC44-B3835DF6F018}"
EndProject
Global
	GlobalSection(SolutionConfigurationPlatforms) = preSolution
		Debug|Any CPU = Debug|Any CPU
		Release|Any CPU = Release|Any CPU
	EndGlobalSection
	GlobalSection(ProjectConfigurationPlatforms) = postSolution
		{AA255A4F-2053-410E-BC44-B3835DF6F018}.Debug|Any CPU.ActiveCfg = Debug|Any CPU
		{AA255A4F-2053-410E-BC44-B3835DF6F018}.Debug|Any CPU.Build.0 = Debug|Any CPU
		{AA255A4F-2053-410E-BC44-B3835DF6F018}.Release|Any CPU.ActiveCfg = Release|Any CPU
		{AA255A4F-2053-410E-BC44-B3835DF6F018}.Release|Any CPU.Build.0 = Release|Any CPU
	EndGlobalSection
	GlobalSection(SolutionProperties) = preSolution
		HideSolutionNode = FALSE
	EndGlobalSection
	GlobalSection(ExtensibilityGlobals) = postSolution
		SolutionGuid = {D6C1F1DB-3EA0-4BC2-9210-915ACB59201C}
	EndGlobalSection
EndGlobal
